
Microsoft Visual Studio Solution File, Format Version 12.00
# Visual Studio Version 16
VisualStudioVersion = 16.0.30907.101
MinimumVisualStudioVersion = 10.0.40219.1
Project("{FAE04EC0-301F-11D3-BF4B-00C04F79EFBC}") = "DSPMechaMod", "DSPMechaMod.csproj", "{EF9A5E96-CAD8-437B-BDBF-4B85EC98E5EE}"
EndProject
Global
	GlobalSection(SolutionConfigurationPlatforms) = preSolution
		Debug|Any CPU = Debug|Any CPU
		Release|Any CPU = Release|Any CPU
	EndGlobalSection
	GlobalSection(ProjectConfigurationPlatforms) = postSolution
		{EF9A5E96-CAD8-437B-BDBF-4B85EC98E5EE}.Debug|Any CPU.ActiveCfg = Debug|Any CPU
		{EF9A5E96-CAD8-437B-BDBF-4B85EC98E5EE}.Debug|Any CPU.Build.0 = Debug|Any CPU
		{EF9A5E96-CAD8-437B-BDBF-4B85EC98E5EE}.Release|Any CPU.ActiveCfg = Release|Any CPU
		{EF9A5E96-CAD8-437B-BDBF-4B85EC98E5EE}.Release|Any CPU.Build.0 = Release|Any CPU
	EndGlobalSection
	GlobalSection(SolutionProperties) = preSolution
		HideSolutionNode = FALSE
	EndGlobalSection
	GlobalSection(ExtensibilityGlobals) = postSolution
		SolutionGuid = {2744F27A-C349-4EDA-ADDC-BA16F8CD4CE3}
	EndGlobalSection
EndGlobal
